# THIS IS AN AUTOGENERATED FILE. DO NOT EDIT THIS FILE DIRECTLY.
# yarn lockfile v1


"@babel/code-frame@^7.0.0":
  version "7.0.0"
  resolved "https://registry.yarnpkg.com/@babel/code-frame/-/code-frame-7.0.0.tgz#06e2ab19bdb535385559aabb5ba59729482800f8"
  dependencies:
    "@babel/highlight" "^7.0.0"

"@babel/core@^7.0.0":
  version "7.1.0"
  resolved "https://registry.yarnpkg.com/@babel/core/-/core-7.1.0.tgz#08958f1371179f62df6966d8a614003d11faeb04"
  dependencies:
    "@babel/code-frame" "^7.0.0"
    "@babel/generator" "^7.0.0"
    "@babel/helpers" "^7.1.0"
    "@babel/parser" "^7.1.0"
    "@babel/template" "^7.1.0"
    "@babel/traverse" "^7.1.0"
    "@babel/types" "^7.0.0"
    convert-source-map "^1.1.0"
    debug "^3.1.0"
    json5 "^0.5.0"
    lodash "^4.17.10"
    resolve "^1.3.2"
    semver "^5.4.1"
    source-map "^0.5.0"

"@babel/generator@^7.0.0":
  version "7.0.0"
  resolved "https://registry.yarnpkg.com/@babel/generator/-/generator-7.0.0.tgz#1efd58bffa951dc846449e58ce3a1d7f02d393aa"
  dependencies:
    "@babel/types" "^7.0.0"
    jsesc "^2.5.1"
    lodash "^4.17.10"
    source-map "^0.5.0"
    trim-right "^1.0.1"

"@babel/helper-function-name@^7.1.0":
  version "7.1.0"
  resolved "https://registry.yarnpkg.com/@babel/helper-function-name/-/helper-function-name-7.1.0.tgz#a0ceb01685f73355d4360c1247f582bfafc8ff53"
  dependencies:
    "@babel/helper-get-function-arity" "^7.0.0"
    "@babel/template" "^7.1.0"
    "@babel/types" "^7.0.0"

"@babel/helper-get-function-arity@^7.0.0":
  version "7.0.0"
  resolved "https://registry.yarnpkg.com/@babel/helper-get-function-arity/-/helper-get-function-arity-7.0.0.tgz#83572d4320e2a4657263734113c42868b64e49c3"
  dependencies:
    "@babel/types" "^7.0.0"

"@babel/helper-split-export-declaration@^7.0.0":
  version "7.0.0"
  resolved "https://registry.yarnpkg.com/@babel/helper-split-export-declaration/-/helper-split-export-declaration-7.0.0.tgz#3aae285c0311c2ab095d997b8c9a94cad547d813"
  dependencies:
    "@babel/types" "^7.0.0"

"@babel/helpers@^7.1.0":
  version "7.1.0"
  resolved "https://registry.yarnpkg.com/@babel/helpers/-/helpers-7.1.0.tgz#429bf0f0020be56a4242883432084e3d70a8a141"
  dependencies:
    "@babel/template" "^7.1.0"
    "@babel/traverse" "^7.1.0"
    "@babel/types" "^7.0.0"

"@babel/highlight@^7.0.0":
  version "7.0.0"
  resolved "https://registry.yarnpkg.com/@babel/highlight/-/highlight-7.0.0.tgz#f710c38c8d458e6dd9a201afb637fcb781ce99e4"
  dependencies:
    chalk "^2.0.0"
    esutils "^2.0.2"
    js-tokens "^4.0.0"

"@babel/parser@^7.1.0":
  version "7.1.0"
  resolved "https://registry.yarnpkg.com/@babel/parser/-/parser-7.1.0.tgz#a7cd42cb3c12aec52e24375189a47b39759b783e"

"@babel/template@^7.1.0":
  version "7.1.0"
  resolved "https://registry.yarnpkg.com/@babel/template/-/template-7.1.0.tgz#58cc9572e1bfe24fe1537fdf99d839d53e517e22"
  dependencies:
    "@babel/code-frame" "^7.0.0"
    "@babel/parser" "^7.1.0"
    "@babel/types" "^7.0.0"

"@babel/traverse@^7.1.0":
  version "7.1.0"
  resolved "https://registry.yarnpkg.com/@babel/traverse/-/traverse-7.1.0.tgz#503ec6669387efd182c3888c4eec07bcc45d91b2"
  dependencies:
    "@babel/code-frame" "^7.0.0"
    "@babel/generator" "^7.0.0"
    "@babel/helper-function-name" "^7.1.0"
    "@babel/helper-split-export-declaration" "^7.0.0"
    "@babel/parser" "^7.1.0"
    "@babel/types" "^7.0.0"
    debug "^3.1.0"
    globals "^11.1.0"
    lodash "^4.17.10"

"@babel/types@^7.0.0":
  version "7.0.0"
  resolved "https://registry.yarnpkg.com/@babel/types/-/types-7.0.0.tgz#6e191793d3c854d19c6749989e3bc55f0e962118"
  dependencies:
    esutils "^2.0.2"
    lodash "^4.17.10"
    to-fast-properties "^2.0.0"

ansi-styles@^3.2.1:
  version "3.2.1"
  resolved "https://registry.yarnpkg.com/ansi-styles/-/ansi-styles-3.2.1.tgz#41fbb20243e50b12be0f04b8dedbf07520ce841d"
  dependencies:
    color-convert "^1.9.0"

array-equal@^1.0.0:
  version "1.0.0"
  resolved "https://registry.yarnpkg.com/array-equal/-/array-equal-1.0.0.tgz#8c2a5ef2472fd9ea742b04c77a75093ba2757c93"

assertion-error@^1.0.1:
  version "1.1.0"
  resolved "https://registry.yarnpkg.com/assertion-error/-/assertion-error-1.1.0.tgz#e60b6b0e8f301bd97e5375215bda406c85118c0b"

async-disk-cache@^1.2.1:
  version "1.3.3"
  resolved "https://registry.yarnpkg.com/async-disk-cache/-/async-disk-cache-1.3.3.tgz#6040486660b370e4051cd9fa9fee275e1fae3728"
  dependencies:
    debug "^2.1.3"
    heimdalljs "^0.2.3"
    istextorbinary "2.1.0"
    mkdirp "^0.5.0"
    rimraf "^2.5.3"
    rsvp "^3.0.18"
    username-sync "1.0.1"

async-promise-queue@^1.0.3:
  version "1.0.4"
  resolved "https://registry.yarnpkg.com/async-promise-queue/-/async-promise-queue-1.0.4.tgz#308baafbc74aff66a0bb6e7f4a18d4fe8434440c"
  dependencies:
    async "^2.4.1"
    debug "^2.6.8"

async@^2.4.1:
  version "2.6.1"
  resolved "https://registry.yarnpkg.com/async/-/async-2.6.1.tgz#b245a23ca71930044ec53fa46aa00a3e87c6a610"
  dependencies:
    lodash "^4.17.10"

balanced-match@^1.0.0:
  version "1.0.0"
  resolved "https://registry.yarnpkg.com/balanced-match/-/balanced-match-1.0.0.tgz#89b4d199ab2bee49de164ea02b89ce462d71b767"

"binaryextensions@1 || 2":
  version "2.1.1"
  resolved "https://registry.yarnpkg.com/binaryextensions/-/binaryextensions-2.1.1.tgz#3209a51ca4a4ad541a3b8d3d6a6d5b83a2485935"

blank-object@^1.0.1:
  version "1.0.2"
  resolved "https://registry.yarnpkg.com/blank-object/-/blank-object-1.0.2.tgz#f990793fbe9a8c8dd013fb3219420bec81d5f4b9"

brace-expansion@^1.1.7:
  version "1.1.11"
  resolved "https://registry.yarnpkg.com/brace-expansion/-/brace-expansion-1.1.11.tgz#3c7fcbf529d87226f3d2f52b966ff5271eb441dd"
  dependencies:
    balanced-match "^1.0.0"
    concat-map "0.0.1"

broccoli-babel-transpiler@^7.0.0:
  version "7.0.0"
  resolved "https://registry.yarnpkg.com/broccoli-babel-transpiler/-/broccoli-babel-transpiler-7.0.0.tgz#bc9d0e93d70d9515b799144b54b0b958e88b6f19"
  dependencies:
    "@babel/core" "^7.0.0"
    broccoli-funnel "^2.0.1"
    broccoli-merge-trees "^3.0.0"
    broccoli-persistent-filter "^1.4.3"
    clone "^2.1.2"
    hash-for-dep "^1.2.3"
    heimdalljs-logger "^0.1.9"
    json-stable-stringify "^1.0.1"
    rsvp "^4.8.3"
    workerpool "^2.3.1"

broccoli-funnel@^2.0.1:
  version "2.0.1"
  resolved "https://registry.yarnpkg.com/broccoli-funnel/-/broccoli-funnel-2.0.1.tgz#6823c73b675ef78fffa7ab800f083e768b51d449"
  dependencies:
    array-equal "^1.0.0"
    blank-object "^1.0.1"
    broccoli-plugin "^1.3.0"
    debug "^2.2.0"
    fast-ordered-set "^1.0.0"
    fs-tree-diff "^0.5.3"
    heimdalljs "^0.2.0"
    minimatch "^3.0.0"
    mkdirp "^0.5.0"
    path-posix "^1.0.0"
    rimraf "^2.4.3"
    symlink-or-copy "^1.0.0"
    walk-sync "^0.3.1"

broccoli-kitchen-sink-helpers@^0.3.1:
  version "0.3.1"
  resolved "https://registry.yarnpkg.com/broccoli-kitchen-sink-helpers/-/broccoli-kitchen-sink-helpers-0.3.1.tgz#77c7c18194b9664163ec4fcee2793444926e0c06"
  dependencies:
    glob "^5.0.10"
    mkdirp "^0.5.1"

broccoli-merge-trees@^3.0.0:
  version "3.0.1"
  resolved "https://registry.yarnpkg.com/broccoli-merge-trees/-/broccoli-merge-trees-3.0.1.tgz#545dfe9f695cec43372b3ee7e63c7203713ea554"
  dependencies:
    broccoli-plugin "^1.3.0"
    merge-trees "^2.0.0"

broccoli-persistent-filter@^1.4.3:
  version "1.4.3"
  resolved "https://registry.yarnpkg.com/broccoli-persistent-filter/-/broccoli-persistent-filter-1.4.3.tgz#3511bc52fc53740cda51621f58a28152d9911bc1"
  dependencies:
    async-disk-cache "^1.2.1"
    async-promise-queue "^1.0.3"
    broccoli-plugin "^1.0.0"
    fs-tree-diff "^0.5.2"
    hash-for-dep "^1.0.2"
    heimdalljs "^0.2.1"
    heimdalljs-logger "^0.1.7"
    mkdirp "^0.5.1"
    promise-map-series "^0.2.1"
    rimraf "^2.6.1"
    rsvp "^3.0.18"
    symlink-or-copy "^1.0.1"
    walk-sync "^0.3.1"

broccoli-plugin@^1.0.0, broccoli-plugin@^1.3.0:
  version "1.3.1"
  resolved "https://registry.yarnpkg.com/broccoli-plugin/-/broccoli-plugin-1.3.1.tgz#a26315732fb99ed2d9fb58f12a1e14e986b4fabd"
  dependencies:
    promise-map-series "^0.2.1"
    quick-temp "^0.1.3"
    rimraf "^2.3.4"
    symlink-or-copy "^1.1.8"

browser-stdout@1.3.1:
  version "1.3.1"
  resolved "https://registry.yarnpkg.com/browser-stdout/-/browser-stdout-1.3.1.tgz#baa559ee14ced73452229bad7326467c61fabd60"

can-symlink@^1.0.0:
  version "1.0.0"
  resolved "https://registry.yarnpkg.com/can-symlink/-/can-symlink-1.0.0.tgz#97b607d8a84bb6c6e228b902d864ecb594b9d219"
  dependencies:
    tmp "0.0.28"

chai@^4.1.2:
  version "4.1.2"
  resolved "https://registry.yarnpkg.com/chai/-/chai-4.1.2.tgz#0f64584ba642f0f2ace2806279f4f06ca23ad73c"
  dependencies:
    assertion-error "^1.0.1"
    check-error "^1.0.1"
    deep-eql "^3.0.0"
    get-func-name "^2.0.0"
    pathval "^1.0.0"
    type-detect "^4.0.0"

chalk@^2.0.0:
  version "2.4.1"
  resolved "https://registry.yarnpkg.com/chalk/-/chalk-2.4.1.tgz#18c49ab16a037b6eb0152cc83e3471338215b66e"
  dependencies:
    ansi-styles "^3.2.1"
    escape-string-regexp "^1.0.5"
    supports-color "^5.3.0"

check-error@^1.0.1:
  version "1.0.2"
  resolved "https://registry.yarnpkg.com/check-error/-/check-error-1.0.2.tgz#574d312edd88bb5dd8912e9286dd6c0aed4aac82"

clean-up-path@^1.0.0:
  version "1.0.0"
  resolved "https://registry.yarnpkg.com/clean-up-path/-/clean-up-path-1.0.0.tgz#de9e8196519912e749c9eaf67c13d64fac72a3e5"

clone@^2.1.2:
  version "2.1.2"
  resolved "https://registry.yarnpkg.com/clone/-/clone-2.1.2.tgz#1b7f4b9f591f1e8f83670401600345a02887435f"

color-convert@^1.9.0:
  version "1.9.3"
  resolved "https://registry.yarnpkg.com/color-convert/-/color-convert-1.9.3.tgz#bb71850690e1f136567de629d2d5471deda4c1e8"
  dependencies:
    color-name "1.1.3"

color-name@1.1.3:
  version "1.1.3"
  resolved "https://registry.yarnpkg.com/color-name/-/color-name-1.1.3.tgz#a7d0558bd89c42f795dd42328f740831ca53bc25"

commander@2.15.1:
  version "2.15.1"
  resolved "http://registry.npmjs.org/commander/-/commander-2.15.1.tgz#df46e867d0fc2aec66a34662b406a9ccafff5b0f"

concat-map@0.0.1:
  version "0.0.1"
  resolved "https://registry.yarnpkg.com/concat-map/-/concat-map-0.0.1.tgz#d8a96bd77fd68df7793a73036a3ba0d5405d477b"

convert-source-map@^1.1.0:
  version "1.6.0"
  resolved "https://registry.yarnpkg.com/convert-source-map/-/convert-source-map-1.6.0.tgz#51b537a8c43e0f04dec1993bffcdd504e758ac20"
  dependencies:
    safe-buffer "~5.1.1"

debug@3.1.0:
  version "3.1.0"
  resolved "https://registry.yarnpkg.com/debug/-/debug-3.1.0.tgz#5bb5a0672628b64149566ba16819e61518c67261"
  dependencies:
    ms "2.0.0"

debug@^2.1.3, debug@^2.2.0, debug@^2.6.8:
  version "2.6.9"
  resolved "https://registry.yarnpkg.com/debug/-/debug-2.6.9.tgz#5d128515df134ff327e90a4c93f4e077a536341f"
  dependencies:
    ms "2.0.0"

debug@^3.1.0:
  version "3.2.5"
  resolved "https://registry.yarnpkg.com/debug/-/debug-3.2.5.tgz#c2418fbfd7a29f4d4f70ff4cea604d4b64c46407"
  dependencies:
    ms "^2.1.1"

deep-eql@^3.0.0:
  version "3.0.1"
  resolved "https://registry.yarnpkg.com/deep-eql/-/deep-eql-3.0.1.tgz#dfc9404400ad1c8fe023e7da1df1c147c4b444df"
  dependencies:
    type-detect "^4.0.0"

diff@3.5.0:
  version "3.5.0"
  resolved "https://registry.yarnpkg.com/diff/-/diff-3.5.0.tgz#800c0dd1e0a8bfbc95835c202ad220fe317e5a12"

editions@^1.1.1:
  version "1.3.4"
  resolved "https://registry.yarnpkg.com/editions/-/editions-1.3.4.tgz#3662cb592347c3168eb8e498a0ff73271d67f50b"

ensure-posix-path@^1.0.0, ensure-posix-path@^1.0.1:
  version "1.0.2"
  resolved "https://registry.yarnpkg.com/ensure-posix-path/-/ensure-posix-path-1.0.2.tgz#a65b3e42d0b71cfc585eb774f9943c8d9b91b0c2"

escape-string-regexp@1.0.5, escape-string-regexp@^1.0.5:
  version "1.0.5"
  resolved "https://registry.yarnpkg.com/escape-string-regexp/-/escape-string-regexp-1.0.5.tgz#1b61c0562190a8dff6ae3bb2cf0200ca130b86d4"

esutils@^2.0.2:
  version "2.0.2"
  resolved "https://registry.yarnpkg.com/esutils/-/esutils-2.0.2.tgz#0abf4f1caa5bcb1f7a9d8acc6dea4faaa04bac9b"

fast-ordered-set@^1.0.0:
  version "1.0.3"
  resolved "https://registry.yarnpkg.com/fast-ordered-set/-/fast-ordered-set-1.0.3.tgz#3fbb36634f7be79e4f7edbdb4a357dee25d184eb"
  dependencies:
    blank-object "^1.0.1"

fs-tree-diff@^0.5.2, fs-tree-diff@^0.5.3:
  version "0.5.9"
  resolved "https://registry.yarnpkg.com/fs-tree-diff/-/fs-tree-diff-0.5.9.tgz#a4ec6182c2f5bd80b9b83c8e23e4522e6f5fd946"
  dependencies:
    heimdalljs-logger "^0.1.7"
    object-assign "^4.1.0"
    path-posix "^1.0.0"
    symlink-or-copy "^1.1.8"

fs-updater@^1.0.4:
  version "1.0.4"
  resolved "https://registry.yarnpkg.com/fs-updater/-/fs-updater-1.0.4.tgz#2329980f99ae9176e9a0e84f7637538a182ce63b"
  dependencies:
    can-symlink "^1.0.0"
    clean-up-path "^1.0.0"
    heimdalljs "^0.2.5"
    heimdalljs-logger "^0.1.9"
    rimraf "^2.6.2"

fs.realpath@^1.0.0:
  version "1.0.0"
  resolved "https://registry.yarnpkg.com/fs.realpath/-/fs.realpath-1.0.0.tgz#1504ad2523158caa40db4a2787cb01411994ea4f"

get-func-name@^2.0.0:
  version "2.0.0"
  resolved "https://registry.yarnpkg.com/get-func-name/-/get-func-name-2.0.0.tgz#ead774abee72e20409433a066366023dd6887a41"

glob@7.1.2:
  version "7.1.2"
  resolved "https://registry.yarnpkg.com/glob/-/glob-7.1.2.tgz#c19c9df9a028702d678612384a6552404c636d15"
  dependencies:
    fs.realpath "^1.0.0"
    inflight "^1.0.4"
    inherits "2"
    minimatch "^3.0.4"
    once "^1.3.0"
    path-is-absolute "^1.0.0"

glob@^5.0.10:
  version "5.0.15"
  resolved "https://registry.yarnpkg.com/glob/-/glob-5.0.15.tgz#1bc936b9e02f4a603fcc222ecf7633d30b8b93b1"
  dependencies:
    inflight "^1.0.4"
    inherits "2"
    minimatch "2 || 3"
    once "^1.3.0"
    path-is-absolute "^1.0.0"

glob@^7.0.5:
  version "7.1.3"
  resolved "https://registry.yarnpkg.com/glob/-/glob-7.1.3.tgz#3960832d3f1574108342dafd3a67b332c0969df1"
  dependencies:
    fs.realpath "^1.0.0"
    inflight "^1.0.4"
    inherits "2"
    minimatch "^3.0.4"
    once "^1.3.0"
    path-is-absolute "^1.0.0"

globals@^11.1.0:
  version "11.7.0"
  resolved "https://registry.yarnpkg.com/globals/-/globals-11.7.0.tgz#a583faa43055b1aca771914bf68258e2fc125673"

growl@1.10.5:
  version "1.10.5"
  resolved "https://registry.yarnpkg.com/growl/-/growl-1.10.5.tgz#f2735dc2283674fa67478b10181059355c369e5e"

has-flag@^3.0.0:
  version "3.0.0"
  resolved "https://registry.yarnpkg.com/has-flag/-/has-flag-3.0.0.tgz#b5d454dc2199ae225699f3467e5a07f3b955bafd"

hash-for-dep@^1.0.2, hash-for-dep@^1.2.3:
  version "1.2.3"
  resolved "https://registry.yarnpkg.com/hash-for-dep/-/hash-for-dep-1.2.3.tgz#5ec69fca32c23523972d52acb5bb65ffc3664cab"
  dependencies:
    broccoli-kitchen-sink-helpers "^0.3.1"
    heimdalljs "^0.2.3"
    heimdalljs-logger "^0.1.7"
    resolve "^1.4.0"

he@1.1.1:
  version "1.1.1"
  resolved "https://registry.yarnpkg.com/he/-/he-1.1.1.tgz#93410fd21b009735151f8868c2f271f3427e23fd"

heimdalljs-logger@^0.1.7, heimdalljs-logger@^0.1.9:
  version "0.1.10"
  resolved "https://registry.yarnpkg.com/heimdalljs-logger/-/heimdalljs-logger-0.1.10.tgz#90cad58aabb1590a3c7e640ddc6a4cd3a43faaf7"
  dependencies:
    debug "^2.2.0"
    heimdalljs "^0.2.6"

heimdalljs@^0.2.0, heimdalljs@^0.2.1, heimdalljs@^0.2.3, heimdalljs@^0.2.5, heimdalljs@^0.2.6:
  version "0.2.6"
  resolved "https://registry.yarnpkg.com/heimdalljs/-/heimdalljs-0.2.6.tgz#b0eebabc412813aeb9542f9cc622cb58dbdcd9fe"
  dependencies:
    rsvp "~3.2.1"

inflight@^1.0.4:
  version "1.0.6"
  resolved "https://registry.yarnpkg.com/inflight/-/inflight-1.0.6.tgz#49bd6331d7d02d0c09bc910a1075ba8165b56df9"
  dependencies:
    once "^1.3.0"
    wrappy "1"

inherits@2:
  version "2.0.3"
  resolved "https://registry.yarnpkg.com/inherits/-/inherits-2.0.3.tgz#633c2c83e3da42a502f52466022480f4208261de"

istextorbinary@2.1.0:
  version "2.1.0"
  resolved "https://registry.yarnpkg.com/istextorbinary/-/istextorbinary-2.1.0.tgz#dbed2a6f51be2f7475b68f89465811141b758874"
  dependencies:
    binaryextensions "1 || 2"
    editions "^1.1.1"
    textextensions "1 || 2"

js-tokens@^4.0.0:
  version "4.0.0"
  resolved "https://registry.yarnpkg.com/js-tokens/-/js-tokens-4.0.0.tgz#19203fb59991df98e3a287050d4647cdeaf32499"

jsesc@^2.5.1:
  version "2.5.1"
  resolved "https://registry.yarnpkg.com/jsesc/-/jsesc-2.5.1.tgz#e421a2a8e20d6b0819df28908f782526b96dd1fe"

json-stable-stringify@^1.0.1:
  version "1.0.1"
  resolved "https://registry.yarnpkg.com/json-stable-stringify/-/json-stable-stringify-1.0.1.tgz#9a759d39c5f2ff503fd5300646ed445f88c4f9af"
  dependencies:
    jsonify "~0.0.0"

json5@^0.5.0:
  version "0.5.1"
  resolved "https://registry.yarnpkg.com/json5/-/json5-0.5.1.tgz#1eade7acc012034ad84e2396767ead9fa5495821"

jsonify@~0.0.0:
  version "0.0.0"
  resolved "https://registry.yarnpkg.com/jsonify/-/jsonify-0.0.0.tgz#2c74b6ee41d93ca51b7b5aaee8f503631d252a73"

lodash@^4.17.10:
  version "4.17.10"
  resolved "https://registry.yarnpkg.com/lodash/-/lodash-4.17.10.tgz#1b7793cf7259ea38fb3661d4d38b3260af8ae4e7"

matcher-collection@^1.0.0:
  version "1.0.5"
  resolved "https://registry.yarnpkg.com/matcher-collection/-/matcher-collection-1.0.5.tgz#2ee095438372cb8884f058234138c05c644ec339"
  dependencies:
    minimatch "^3.0.2"

merge-trees@^2.0.0:
  version "2.0.0"
  resolved "https://registry.yarnpkg.com/merge-trees/-/merge-trees-2.0.0.tgz#a560d796e566c5d9b2c40472a2967cca48d85161"
  dependencies:
    fs-updater "^1.0.4"
    heimdalljs "^0.2.5"

"minimatch@2 || 3", minimatch@3.0.4, minimatch@^3.0.0, minimatch@^3.0.2, minimatch@^3.0.4:
  version "3.0.4"
  resolved "https://registry.yarnpkg.com/minimatch/-/minimatch-3.0.4.tgz#5166e286457f03306064be5497e8dbb0c3d32083"
  dependencies:
    brace-expansion "^1.1.7"

minimist@0.0.8:
  version "0.0.8"
  resolved "http://registry.npmjs.org/minimist/-/minimist-0.0.8.tgz#857fcabfc3397d2625b8228262e86aa7a011b05d"

mkdirp@0.5.1, mkdirp@^0.5.0, mkdirp@^0.5.1:
  version "0.5.1"
  resolved "http://registry.npmjs.org/mkdirp/-/mkdirp-0.5.1.tgz#30057438eac6cf7f8c4767f38648d6697d75c903"
  dependencies:
    minimist "0.0.8"

mktemp@~0.4.0:
  version "0.4.0"
  resolved "https://registry.yarnpkg.com/mktemp/-/mktemp-0.4.0.tgz#6d0515611c8a8c84e484aa2000129b98e981ff0b"

mocha@^5.2.0:
  version "5.2.0"
  resolved "https://registry.yarnpkg.com/mocha/-/mocha-5.2.0.tgz#6d8ae508f59167f940f2b5b3c4a612ae50c90ae6"
  dependencies:
    browser-stdout "1.3.1"
    commander "2.15.1"
    debug "3.1.0"
    diff "3.5.0"
    escape-string-regexp "1.0.5"
    glob "7.1.2"
    growl "1.10.5"
    he "1.1.1"
    minimatch "3.0.4"
    mkdirp "0.5.1"
    supports-color "5.4.0"

ms@2.0.0:
  version "2.0.0"
  resolved "https://registry.yarnpkg.com/ms/-/ms-2.0.0.tgz#5608aeadfc00be6c2901df5f9861788de0d597c8"

ms@^2.1.1:
  version "2.1.1"
  resolved "https://registry.yarnpkg.com/ms/-/ms-2.1.1.tgz#30a5864eb3ebb0a66f2ebe6d727af06a09d86e0a"

object-assign@4.1.1, object-assign@^4.1.0:
  version "4.1.1"
  resolved "https://registry.yarnpkg.com/object-assign/-/object-assign-4.1.1.tgz#2109adc7965887cfc05cbbd442cac8bfbb360863"

once@^1.3.0:
  version "1.4.0"
  resolved "https://registry.yarnpkg.com/once/-/once-1.4.0.tgz#583b1aa775961d4b113ac17d9c50baef9dd76bd1"
  dependencies:
    wrappy "1"

os-tmpdir@~1.0.1:
  version "1.0.2"
  resolved "https://registry.yarnpkg.com/os-tmpdir/-/os-tmpdir-1.0.2.tgz#bbe67406c79aa85c5cfec766fe5734555dfa1274"

path-is-absolute@^1.0.0:
  version "1.0.1"
  resolved "https://registry.yarnpkg.com/path-is-absolute/-/path-is-absolute-1.0.1.tgz#174b9268735534ffbc7ace6bf53a5a9e1b5c5f5f"

path-parse@^1.0.5:
  version "1.0.6"
  resolved "https://registry.yarnpkg.com/path-parse/-/path-parse-1.0.6.tgz#d62dbb5679405d72c4737ec58600e9ddcf06d24c"

path-posix@^1.0.0:
  version "1.0.0"
  resolved "https://registry.yarnpkg.com/path-posix/-/path-posix-1.0.0.tgz#06b26113f56beab042545a23bfa88003ccac260f"

pathval@^1.0.0:
  version "1.1.0"
  resolved "https://registry.yarnpkg.com/pathval/-/pathval-1.1.0.tgz#b942e6d4bde653005ef6b71361def8727d0645e0"

promise-map-series@^0.2.1:
  version "0.2.3"
  resolved "https://registry.yarnpkg.com/promise-map-series/-/promise-map-series-0.2.3.tgz#c2d377afc93253f6bd03dbb77755eb88ab20a847"
  dependencies:
    rsvp "^3.0.14"

quick-temp@^0.1.3:
  version "0.1.8"
  resolved "https://registry.yarnpkg.com/quick-temp/-/quick-temp-0.1.8.tgz#bab02a242ab8fb0dd758a3c9776b32f9a5d94408"
  dependencies:
    mktemp "~0.4.0"
    rimraf "^2.5.4"
    underscore.string "~3.3.4"

resolve@^1.3.2, resolve@^1.4.0:
  version "1.8.1"
  resolved "https://registry.yarnpkg.com/resolve/-/resolve-1.8.1.tgz#82f1ec19a423ac1fbd080b0bab06ba36e84a7a26"
  dependencies:
    path-parse "^1.0.5"

rimraf@^2.3.4, rimraf@^2.4.3, rimraf@^2.5.3, rimraf@^2.5.4, rimraf@^2.6.1, rimraf@^2.6.2:
  version "2.6.2"
  resolved "https://registry.yarnpkg.com/rimraf/-/rimraf-2.6.2.tgz#2ed8150d24a16ea8651e6d6ef0f47c4158ce7a36"
  dependencies:
    glob "^7.0.5"

rsvp@^3.0.14, rsvp@^3.0.18:
  version "3.6.2"
  resolved "https://registry.yarnpkg.com/rsvp/-/rsvp-3.6.2.tgz#2e96491599a96cde1b515d5674a8f7a91452926a"

rsvp@^4.8.3:
  version "4.8.4"
  resolved "https://registry.yarnpkg.com/rsvp/-/rsvp-4.8.4.tgz#b50e6b34583f3dd89329a2f23a8a2be072845911"

rsvp@~3.2.1:
  version "3.2.1"
  resolved "http://registry.npmjs.org/rsvp/-/rsvp-3.2.1.tgz#07cb4a5df25add9e826ebc67dcc9fd89db27d84a"

safe-buffer@~5.1.1:
  version "5.1.2"
  resolved "https://registry.yarnpkg.com/safe-buffer/-/safe-buffer-5.1.2.tgz#991ec69d296e0313747d59bdfd2b745c35f8828d"

semver@^5.4.1:
  version "5.5.1"
  resolved "https://registry.yarnpkg.com/semver/-/semver-5.5.1.tgz#7dfdd8814bdb7cabc7be0fb1d734cfb66c940477"

source-map@^0.5.0:
  version "0.5.7"
  resolved "https://registry.yarnpkg.com/source-map/-/source-map-0.5.7.tgz#8a039d2d1021d22d1ea14c80d8ea468ba2ef3fcc"

sprintf-js@^1.0.3:
  version "1.1.1"
  resolved "https://registry.yarnpkg.com/sprintf-js/-/sprintf-js-1.1.1.tgz#36be78320afe5801f6cea3ee78b6e5aab940ea0c"

supports-color@5.4.0:
  version "5.4.0"
  resolved "https://registry.yarnpkg.com/supports-color/-/supports-color-5.4.0.tgz#1c6b337402c2137605efe19f10fec390f6faab54"
  dependencies:
    has-flag "^3.0.0"

supports-color@^5.3.0:
  version "5.5.0"
  resolved "https://registry.yarnpkg.com/supports-color/-/supports-color-5.5.0.tgz#e2e69a44ac8772f78a1ec0b35b689df6530efc8f"
  dependencies:
    has-flag "^3.0.0"

symlink-or-copy@^1.0.0, symlink-or-copy@^1.0.1, symlink-or-copy@^1.1.8:
  version "1.2.0"
  resolved "https://registry.yarnpkg.com/symlink-or-copy/-/symlink-or-copy-1.2.0.tgz#5d49108e2ab824a34069b68974486c290020b393"

"textextensions@1 || 2":
  version "2.2.0"
  resolved "https://registry.yarnpkg.com/textextensions/-/textextensions-2.2.0.tgz#38ac676151285b658654581987a0ce1a4490d286"

tmp@0.0.28:
  version "0.0.28"
  resolved "https://registry.yarnpkg.com/tmp/-/tmp-0.0.28.tgz#172735b7f614ea7af39664fa84cf0de4e515d120"
  dependencies:
    os-tmpdir "~1.0.1"

to-fast-properties@^2.0.0:
  version "2.0.0"
  resolved "https://registry.yarnpkg.com/to-fast-properties/-/to-fast-properties-2.0.0.tgz#dc5e698cbd079265bc73e0377681a4e4e83f616e"

trim-right@^1.0.1:
  version "1.0.1"
  resolved "https://registry.yarnpkg.com/trim-right/-/trim-right-1.0.1.tgz#cb2e1203067e0c8de1f614094b9fe45704ea6003"

type-detect@^4.0.0:
  version "4.0.8"
  resolved "https://registry.yarnpkg.com/type-detect/-/type-detect-4.0.8.tgz#7646fb5f18871cfbb7749e69bd39a6388eb7450c"

underscore.string@~3.3.4:
  version "3.3.4"
  resolved "https://registry.yarnpkg.com/underscore.string/-/underscore.string-3.3.4.tgz#2c2a3f9f83e64762fdc45e6ceac65142864213db"
  dependencies:
    sprintf-js "^1.0.3"
    util-deprecate "^1.0.2"

username-sync@1.0.1:
  version "1.0.1"
  resolved "https://registry.yarnpkg.com/username-sync/-/username-sync-1.0.1.tgz#1cde87eefcf94b8822984d938ba2b797426dae1f"

util-deprecate@^1.0.2:
  version "1.0.2"
  resolved "https://registry.yarnpkg.com/util-deprecate/-/util-deprecate-1.0.2.tgz#450d4dc9fa70de732762fbd2d4a28981419a0ccf"

walk-sync@^0.3.1:
  version "0.3.3"
  resolved "https://registry.yarnpkg.com/walk-sync/-/walk-sync-0.3.3.tgz#1e9f12cd4fe6e0e6d4a0715b5cc7e30711d43cd1"
  dependencies:
    ensure-posix-path "^1.0.0"
    matcher-collection "^1.0.0"

workerpool@^2.3.1:
  version "2.3.3"
  resolved "https://registry.yarnpkg.com/workerpool/-/workerpool-2.3.3.tgz#49a70089bd55e890d68cc836a19419451d7c81d7"
  dependencies:
    object-assign "4.1.1"

wrappy@1:
  version "1.0.2"
  resolved "https://registry.yarnpkg.com/wrappy/-/wrappy-1.0.2.tgz#b5243d8f3ec1aa35f1364605bc0d1036e30ab69f"
